
Microsoft Visual Studio Solution File, Format Version 12.00
# Visual Studio 2012
Project("{FAE04EC0-301F-11D3-BF4B-00C04F79EFBC}") = "智慧监控", "智慧监控\智慧监控.csproj", "{96195AA8-CAF4-4A55-BEC3-9F91D437604E}"
EndProject
Project("{FAE04EC0-301F-11D3-BF4B-00C04F79EFBC}") = "dshow", "DLL\dshow\dshow.csproj", "{5EC8A299-78F8-4BDC-95D7-1AF66A01A073}"
EndProject
Project("{FAE04EC0-301F-11D3-BF4B-00C04F79EFBC}") = "jpeg", "DLL\jpeg\jpeg.csproj", "{41262D0E-35ED-4D0E-9D77-A05F71C32752}"
EndProject
Project("{FAE04EC0-301F-11D3-BF4B-00C04F79EFBC}") = "local", "DLL\local\local.csproj", "{8892D4E1-BDA5-4131-9567-DB9F42631616}"
EndProject
Project("{FAE04EC0-301F-11D3-BF4B-00C04F79EFBC}") = "mjpeg", "DLL\mjpeg\mjpeg.csproj", "{F504EA6E-26AF-4175-8CB2-25BC77A455B0}"
EndProject
Project("{FAE04EC0-301F-11D3-BF4B-00C04F79EFBC}") = "videosource", "DLL\videosource\videosource.csproj", "{1D33DC63-AC6B-4F76-B60F-9E620E36F9B0}"
EndProject
Project("{FAE04EC0-301F-11D3-BF4B-00C04F79EFBC}") = "EasyN", "DLL\EasyN\EasyN.csproj", "{22DE2F83-CBB6-41CE-9B9B-C5A353F5CBA4}"
EndProject
Global
	GlobalSection(SolutionConfigurationPlatforms) = preSolution
		Debug|Any CPU = Debug|Any CPU
		Debug|Mixed Platforms = Debug|Mixed Platforms
		Debug|Win32 = Debug|Win32
		Debug|x86 = Debug|x86
		Release|Any CPU = Release|Any CPU
		Release|Mixed Platforms = Release|Mixed Platforms
		Release|Win32 = Release|Win32
		Release|x86 = Release|x86
	EndGlobalSection
	GlobalSection(ProjectConfigurationPlatforms) = postSolution
		{96195AA8-CAF4-4A55-BEC3-9F91D437604E}.Debug|Any CPU.ActiveCfg = Debug|x86
		{96195AA8-CAF4-4A55-BEC3-9F91D437604E}.Debug|Mixed Platforms.ActiveCfg = Debug|x86
		{96195AA8-CAF4-4A55-BEC3-9F91D437604E}.Debug|Mixed Platforms.Build.0 = Debug|x86
		{96195AA8-CAF4-4A55-BEC3-9F91D437604E}.Debug|Win32.ActiveCfg = Debug|x86
		{96195AA8-CAF4-4A55-BEC3-9F91D437604E}.Debug|x86.ActiveCfg = Debug|x86
		{96195AA8-CAF4-4A55-BEC3-9F91D437604E}.Debug|x86.Build.0 = Debug|x86
		{96195AA8-CAF4-4A55-BEC3-9F91D437604E}.Release|Any CPU.ActiveCfg = Release|x86
		{96195AA8-CAF4-4A55-BEC3-9F91D437604E}.Release|Mixed Platforms.ActiveCfg = Release|x86
		{96195AA8-CAF4-4A55-BEC3-9F91D437604E}.Release|Mixed Platforms.Build.0 = Release|x86
		{96195AA8-CAF4-4A55-BEC3-9F91D437604E}.Release|Win32.ActiveCfg = Release|x86
		{96195AA8-CAF4-4A55-BEC3-9F91D437604E}.Release|x86.ActiveCfg = Release|x86
		{96195AA8-CAF4-4A55-BEC3-9F91D437604E}.Release|x86.Build.0 = Release|x86
		{5EC8A299-78F8-4BDC-95D7-1AF66A01A073}.Debug|Any CPU.ActiveCfg = Debug|Any CPU
		{5EC8A299-78F8-4BDC-95D7-1AF66A01A073}.Debug|Any CPU.Build.0 = Debug|Any CPU
		{5EC8A299-78F8-4BDC-95D7-1AF66A01A073}.Debug|Mixed Platforms.ActiveCfg = Debug|Any CPU
		{5EC8A299-78F8-4BDC-95D7-1AF66A01A073}.Debug|Mixed Platforms.Build.0 = Debug|Any CPU
		{5EC8A299-78F8-4BDC-95D7-1AF66A01A073}.Debug|Win32.ActiveCfg = Debug|Any CPU
		{5EC8A299-78F8-4BDC-95D7-1AF66A01A073}.Debug|x86.ActiveCfg = Debug|Any CPU
		{5EC8A299-78F8-4BDC-95D7-1AF66A01A073}.Release|Any CPU.ActiveCfg = Release|Any CPU
		{5EC8A299-78F8-4BDC-95D7-1AF66A01A073}.Release|Any CPU.Build.0 = Release|Any CPU
		{5EC8A299-78F8-4BDC-95D7-1AF66A01A073}.Release|Mixed Platforms.ActiveCfg = Release|Any CPU
		{5EC8A299-78F8-4BDC-95D7-1AF66A01A073}.Release|Mixed Platforms.Build.0 = Release|Any CPU
		{5EC8A299-78F8-4BDC-95D7-1AF66A01A073}.Release|Win32.ActiveCfg = Release|Any CPU
		{5EC8A299-78F8-4BDC-95D7-1AF66A01A073}.Release|x86.ActiveCfg = Release|Any CPU
		{41262D0E-35ED-4D0E-9D77-A05F71C32752}.Debug|Any CPU.ActiveCfg = Debug|Any CPU
		{41262D0E-35ED-4D0E-9D77-A05F71C32752}.Debug|Any CPU.Build.0 = Debug|Any CPU
		{41262D0E-35ED-4D0E-9D77-A05F71C32752}.Debug|Mixed Platforms.ActiveCfg = Debug|Any CPU
		{41262D0E-35ED-4D0E-9D77-A05F71C32752}.Debug|Mixed Platforms.Build.0 = Debug|Any CPU
		{41262D0E-35ED-4D0E-9D77-A05F71C32752}.Debug|Win32.ActiveCfg = Debug|Any CPU
		{41262D0E-35ED-4D0E-9D77-A05F71C32752}.Debug|x86.ActiveCfg = Debug|Any CPU
		{41262D0E-35ED-4D0E-9D77-A05F71C32752}.Release|Any CPU.ActiveCfg = Release|Any CPU
		{41262D0E-35ED-4D0E-9D77-A05F71C32752}.Release|Any CPU.Build.0 = Release|Any CPU
		{41262D0E-35ED-4D0E-9D77-A05F71C32752}.Release|Mixed Platforms.ActiveCfg = Release|Any CPU
		{41262D0E-35ED-4D0E-9D77-A05F71C32752}.Release|Mixed Platforms.Build.0 = Release|Any CPU
		{41262D0E-35ED-4D0E-9D77-A05F71C32752}.Release|Win32.ActiveCfg = Release|Any CPU
		{41262D0E-35ED-4D0E-9D77-A05F71C32752}.Release|x86.ActiveCfg = Release|Any CPU
		{8892D4E1-BDA5-4131-9567-DB9F42631616}.Debug|Any CPU.ActiveCfg = Debug|Any CPU
		{8892D4E1-BDA5-4131-9567-DB9F42631616}.Debug|Any CPU.Build.0 = Debug|Any CPU
		{8892D4E1-BDA5-4131-9567-DB9F42631616}.Debug|Mixed Platforms.ActiveCfg = Debug|Any CPU
		{8892D4E1-BDA5-4131-9567-DB9F42631616}.Debug|Mixed Platforms.Build.0 = Debug|Any CPU
		{8892D4E1-BDA5-4131-9567-DB9F42631616}.Debug|Win32.ActiveCfg = Debug|Any CPU
		{8892D4E1-BDA5-4131-9567-DB9F42631616}.Debug|x86.ActiveCfg = Debug|Any CPU
		{8892D4E1-BDA5-4131-9567-DB9F42631616}.Release|Any CPU.ActiveCfg = Release|Any CPU
		{8892D4E1-BDA5-4131-9567-DB9F42631616}.Release|Any CPU.Build.0 = Release|Any CPU
		{8892D4E1-BDA5-4131-9567-DB9F42631616}.Release|Mixed Platforms.ActiveCfg = Release|Any CPU
		{8892D4E1-BDA5-4131-9567-DB9F42631616}.Release|Mixed Platforms.Build.0 = Release|Any CPU
		{8892D4E1-BDA5-4131-9567-DB9F42631616}.Release|Win32.ActiveCfg = Release|Any CPU
		{8892D4E1-BDA5-4131-9567-DB9F42631616}.Release|x86.ActiveCfg = Release|Any CPU
		{F504EA6E-26AF-4175-8CB2-25BC77A455B0}.Debug|Any CPU.ActiveCfg = Debug|Any CPU
		{F504EA6E-26AF-4175-8CB2-25BC77A455B0}.Debug|Any CPU.Build.0 = Debug|Any CPU
		{F504EA6E-26AF-4175-8CB2-25BC77A455B0}.Debug|Mixed Platforms.ActiveCfg = Debug|Any CPU
		{F504EA6E-26AF-4175-8CB2-25BC77A455B0}.Debug|Mixed Platforms.Build.0 = Debug|Any CPU
		{F504EA6E-26AF-4175-8CB2-25BC77A455B0}.Debug|Win32.ActiveCfg = Debug|Any CPU
		{F504EA6E-26AF-4175-8CB2-25BC77A455B0}.Debug|x86.ActiveCfg = Debug|Any CPU
		{F504EA6E-26AF-4175-8CB2-25BC77A455B0}.Release|Any CPU.ActiveCfg = Release|Any CPU
		{F504EA6E-26AF-4175-8CB2-25BC77A455B0}.Release|Any CPU.Build.0 = Release|Any CPU
		{F504EA6E-26AF-4175-8CB2-25BC77A455B0}.Release|Mixed Platforms.ActiveCfg = Release|Any CPU
		{F504EA6E-26AF-4175-8CB2-25BC77A455B0}.Release|Mixed Platforms.Build.0 = Release|Any CPU
		{F504EA6E-26AF-4175-8CB2-25BC77A455B0}.Release|Win32.ActiveCfg = Release|Any CPU
		{F504EA6E-26AF-4175-8CB2-25BC77A455B0}.Release|x86.ActiveCfg = Release|Any CPU
		{1D33DC63-AC6B-4F76-B60F-9E620E36F9B0}.Debug|Any CPU.ActiveCfg = Debug|Any CPU
		{1D33DC63-AC6B-4F76-B60F-9E620E36F9B0}.Debug|Any CPU.Build.0 = Debug|Any CPU
		{1D33DC63-AC6B-4F76-B60F-9E620E36F9B0}.Debug|Mixed Platforms.ActiveCfg = Debug|Any CPU
		{1D33DC63-AC6B-4F76-B60F-9E620E36F9B0}.Debug|Mixed Platforms.Build.0 = Debug|Any CPU
		{1D33DC63-AC6B-4F76-B60F-9E620E36F9B0}.Debug|Win32.ActiveCfg = Debug|Any CPU
		{1D33DC63-AC6B-4F76-B60F-9E620E36F9B0}.Debug|x86.ActiveCfg = Debug|Any CPU
		{1D33DC63-AC6B-4F76-B60F-9E620E36F9B0}.Release|Any CPU.ActiveCfg = Release|Any CPU
		{1D33DC63-AC6B-4F76-B60F-9E620E36F9B0}.Release|Any CPU.Build.0 = Release|Any CPU
		{1D33DC63-AC6B-4F76-B60F-9E620E36F9B0}.Release|Mixed Platforms.ActiveCfg = Release|Any CPU
		{1D33DC63-AC6B-4F76-B60F-9E620E36F9B0}.Release|Mixed Platforms.Build.0 = Release|Any CPU
		{1D33DC63-AC6B-4F76-B60F-9E620E36F9B0}.Release|Win32.ActiveCfg = Release|Any CPU
		{1D33DC63-AC6B-4F76-B60F-9E620E36F9B0}.Release|x86.ActiveCfg = Release|Any CPU
		{22DE2F83-CBB6-41CE-9B9B-C5A353F5CBA4}.Debug|Any CPU.ActiveCfg = Debug|Any CPU
		{22DE2F83-CBB6-41CE-9B9B-C5A353F5CBA4}.Debug|Any CPU.Build.0 = Debug|Any CPU
		{22DE2F83-CBB6-41CE-9B9B-C5A353F5CBA4}.Debug|Mixed Platforms.ActiveCfg = Debug|Any CPU
		{22DE2F83-CBB6-41CE-9B9B-C5A353F5CBA4}.Debug|Mixed Platforms.Build.0 = Debug|Any CPU
		{22DE2F83-CBB6-41CE-9B9B-C5A353F5CBA4}.Debug|Win32.ActiveCfg = Debug|Any CPU
		{22DE2F83-CBB6-41CE-9B9B-C5A353F5CBA4}.Debug|x86.ActiveCfg = Debug|Any CPU
		{22DE2F83-CBB6-41CE-9B9B-C5A353F5CBA4}.Release|Any CPU.ActiveCfg = Release|Any CPU
		{22DE2F83-CBB6-41CE-9B9B-C5A353F5CBA4}.Release|Any CPU.Build.0 = Release|Any CPU
		{22DE2F83-CBB6-41CE-9B9B-C5A353F5CBA4}.Release|Mixed Platforms.ActiveCfg = Release|Any CPU
		{22DE2F83-CBB6-41CE-9B9B-C5A353F5CBA4}.Release|Mixed Platforms.Build.0 = Release|Any CPU
		{22DE2F83-CBB6-41CE-9B9B-C5A353F5CBA4}.Release|Win32.ActiveCfg = Release|Any CPU
		{22DE2F83-CBB6-41CE-9B9B-C5A353F5CBA4}.Release|x86.ActiveCfg = Release|Any CPU
	EndGlobalSection
	GlobalSection(SolutionProperties) = preSolution
		HideSolutionNode = FALSE
	EndGlobalSection
EndGlobal
